// !$*UTF8*$!
{
	archiveVersion = 1;
	classes = {
	};
	objectVersion = 46;
	objects = {

/* Begin PBXBuildFile section */
		34AC75BE1CBC61C2005B2E35 /* AppDelegate.swift in Sources */ = {isa = PBXBuildFile; fileRef = 34AC75BD1CBC61C2005B2E35 /* AppDelegate.swift */; };
		34AC75C01CBC61C2005B2E35 /* ViewController.swift in Sources */ = {isa = PBXBuildFile; fileRef = 34AC75BF1CBC61C2005B2E35 /* ViewController.swift */; };
		34AC75C31CBC61C2005B2E35 /* Main.storyboard in Resources */ = {isa = PBXBuildFile; fileRef = 34AC75C11CBC61C2005B2E35 /* Main.storyboard */; };
		34AC75C51CBC61C2005B2E35 /* Assets.xcassets in Resources */ = {isa = PBXBuildFile; fileRef = 34AC75C41CBC61C2005B2E35 /* Assets.xcassets */; };
		34AC75C81CBC61C2005B2E35 /* LaunchScreen.storyboard in Resources */ = {isa = PBXBuildFile; fileRef = 34AC75C61CBC61C2005B2E35 /* LaunchScreen.storyboard */; };
		34AC75D31CBC61C2005B2E35 /* StackityTests.swift in Sources */ = {isa = PBXBuildFile; fileRef = 34AC75D21CBC61C2005B2E35 /* StackityTests.swift */; };
		34AC75DE1CBC61C2005B2E35 /* StackityUITests.swift in Sources */ = {isa = PBXBuildFile; fileRef = 34AC75DD1CBC61C2005B2E35 /* StackityUITests.swift */; };
/* End PBXBuildFile section */

/* Begin PBXContainerItemProxy section */
		34AC75CF1CBC61C2005B2E35 /* PBXContainerItemProxy */ = {
			isa = PBXContainerItemProxy;
			containerPortal = 34AC75B21CBC61C2005B2E35 /* Project object */;
			proxyType = 1;
			remoteGlobalIDString = 34AC75B91CBC61C2005B2E35;
			remoteInfo = Stackity;
		};
		34AC75DA1CBC61C2005B2E35 /* PBXContainerItemProxy */ = {
			isa = PBXContainerItemProxy;
			containerPortal = 34AC75B21CBC61C2005B2E35 /* Project object */;
			proxyType = 1;
			remoteGlobalIDString = 34AC75B91CBC61C2005B2E35;
			remoteInfo = Stackity;
		};
/* End PBXContainerItemProxy section */

/* Begin PBXFileReference section */
		34AC75BA1CBC61C2005B2E35 /* Stackity.app */ = {isa = PBXFileReference; explicitFileType = wrapper.application; includeInIndex = 0; path = Stackity.app; sourceTree = BUILT_PRODUCTS_DIR; };
		34AC75BD1CBC61C2005B2E35 /* AppDelegate.swift */ = {isa = PBXFileReference; lastKnownFileType = sourcecode.swift; path = AppDelegate.swift; sourceTree = "<group>"; };
		34AC75BF1CBC61C2005B2E35 /* ViewController.swift */ = {isa = PBXFileReference; lastKnownFileType = sourcecode.swift; path = ViewController.swift; sourceTree = "<group>"; };
		34AC75C21CBC61C2005B2E35 /* Base */ = {isa = PBXFileReference; lastKnownFileType = file.storyboard; name = Base; path = Base.lproj/Main.storyboard; sourceTree = "<group>"; };
		34AC75C41CBC61C2005B2E35 /* Assets.xcassets */ = {isa = PBXFileReference; lastKnownFileType = folder.assetcatalog; path = Assets.xcassets; sourceTree = "<group>"; };
		34AC75C71CBC61C2005B2E35 /* Base */ = {isa = PBXFileReference; lastKnownFileType = file.storyboard; name = Base; path = Base.lproj/LaunchScreen.storyboard; sourceTree = "<group>"; };
		34AC75C91CBC61C2005B2E35 /* Info.plist */ = {isa = PBXFileReference; lastKnownFileType = text.plist.xml; path = Info.plist; sourceTree = "<group>"; };
		34AC75CE1CBC61C2005B2E35 /* StackityTests.xctest */ = {isa = PBXFileReference; explicitFileType = wrapper.cfbundle; includeInIndex = 0; path = StackityTests.xctest; sourceTree = BUILT_PRODUCTS_DIR; };
		34AC75D21CBC61C2005B2E35 /* StackityTests.swift */ = {isa = PBXFileReference; lastKnownFileType = sourcecode.swift; path = StackityTests.swift; sourceTree = "<group>"; };
		34AC75D41CBC61C2005B2E35 /* Info.plist */ = {isa = PBXFileReference; lastKnownFileType = text.plist.xml; path = Info.plist; sourceTree = "<group>"; };
		34AC75D91CBC61C2005B2E35 /* StackityUITests.xctest */ = {isa = PBXFileReference; explicitFileType = wrapper.cfbundle; includeInIndex = 0; path = StackityUITests.xctest; sourceTree = BUILT_PRODUCTS_DIR; };
		34AC75DD1CBC61C2005B2E35 /* StackityUITests.swift */ = {isa = PBXFileReference; lastKnownFileType = sourcecode.swift; path = StackityUITests.swift; sourceTree = "<group>"; };
		34AC75DF1CBC61C2005B2E35 /* Info.plist */ = {isa = PBXFileReference; lastKnownFileType = text.plist.xml; path = Info.plist; sourceTree = "<group>"; };
/* End PBXFileReference section */

/* Begin PBXFrameworksBuildPhase section */
		34AC75B71CBC61C2005B2E35 /* Frameworks */ = {
			isa = PBXFrameworksBuildPhase;
			buildActionMask = 2147483647;
			files = (
			);
			runOnlyForDeploymentPostprocessing = 0;
		};
		34AC75CB1CBC61C2005B2E35 /* Frameworks */ = {
			isa = PBXFrameworksBuildPhase;
			buildActionMask = 2147483647;
			files = (
			);
			runOnlyForDeploymentPostprocessing = 0;
		};
		34AC75D61CBC61C2005B2E35 /* Frameworks */ = {
			isa = PBXFrameworksBuildPhase;
			buildActionMask = 2147483647;
			files = (
			);
			runOnlyForDeploymentPostprocessing = 0;
		};
/* End PBXFrameworksBuildPhase section */

/* Begin PBXGroup section */
		34AC75B11CBC61C2005B2E35 = {
			isa = PBXGroup;
			children = (
				34AC75BC1CBC61C2005B2E35 /* Stackity */,
				34AC75D11CBC61C2005B2E35 /* StackityTests */,
				34AC75DC1CBC61C2005B2E35 /* StackityUITests */,
				34AC75BB1CBC61C2005B2E35 /* Products */,
			);
			sourceTree = "<group>";
		};
		34AC75BB1CBC61C2005B2E35 /* Products */ = {
			isa = PBXGroup;
			children = (
				34AC75BA1CBC61C2005B2E35 /* Stackity.app */,
				34AC75CE1CBC61C2005B2E35 /* StackityTests.xctest */,
				34AC75D91CBC61C2005B2E35 /* StackityUITests.xctest */,
			);
			name = Products;
			sourceTree = "<group>";
		};
		34AC75BC1CBC61C2005B2E35 /* Stackity */ = {
			isa = PBXGroup;
			children = (
				34AC75BD1CBC61C2005B2E35 /* AppDelegate.swift */,
				34AC75BF1CBC61C2005B2E35 /* ViewController.swift */,
				34AC75C11CBC61C2005B2E35 /* Main.storyboard */,
				34AC75C41CBC61C2005B2E35 /* Assets.xcassets */,
				34AC75C61CBC61C2005B2E35 /* LaunchScreen.storyboard */,
				34AC75C91CBC61C2005B2E35 /* Info.plist */,
			);
			path = Stackity;
			sourceTree = "<group>";
		};
		34AC75D11CBC61C2005B2E35 /* StackityTests */ = {
			isa = PBXGroup;
			children = (
				34AC75D21CBC61C2005B2E35 /* StackityTests.swift */,
				34AC75D41CBC61C2005B2E35 /* Info.plist */,
			);
			path = StackityTests;
			sourceTree = "<group>";
		};
		34AC75DC1CBC61C2005B2E35 /* StackityUITests */ = {
			isa = PBXGroup;
			children = (
				34AC75DD1CBC61C2005B2E35 /* StackityUITests.swift */,
				34AC75DF1CBC61C2005B2E35 /* Info.plist */,
			);
			path = StackityUITests;
			sourceTree = "<group>";
		};
/* End PBXGroup section */

/* Begin PBXNativeTarget section */
		34AC75B91CBC61C2005B2E35 /* Stackity */ = {
			isa = PBXNativeTarget;
			buildConfigurationList = 34AC75E21CBC61C2005B2E35 /* Build configuration list for PBXNativeTarget "Stackity" */;
			buildPhases = (
				34AC75B61CBC61C2005B2E35 /* Sources */,
				34AC75B71CBC61C2005B2E35 /* Frameworks */,
				34AC75B81CBC61C2005B2E35 /* Resources */,
			);
			buildRules = (
			);
			dependencies = (
			);
			name = Stackity;
			productName = Stackity;
			productReference = 34AC75BA1CBC61C2005B2E35 /* Stackity.app */;
			productType = "com.apple.product-type.application";
		};
		34AC75CD1CBC61C2005B2E35 /* StackityTests */ = {
			isa = PBXNativeTarget;
			buildConfigurationList = 34AC75E51CBC61C2005B2E35 /* Build configuration list for PBXNativeTarget "StackityTests" */;
			buildPhases = (
				34AC75CA1CBC61C2005B2E35 /* Sources */,
				34AC75CB1CBC61C2005B2E35 /* Frameworks */,
				34AC75CC1CBC61C2005B2E35 /* Resources */,
			);
			buildRules = (
			);
			dependencies = (
				34AC75D01CBC61C2005B2E35 /* PBXTargetDependency */,
			);
			name = StackityTests;
			productName = StackityTests;
			productReference = 34AC75CE1CBC61C2005B2E35 /* StackityTests.xctest */;
			productType = "com.apple.product-type.bundle.unit-test";
		};
		34AC75D81CBC61C2005B2E35 /* StackityUITests */ = {
			isa = PBXNativeTarget;
			buildConfigurationList = 34AC75E81CBC61C2005B2E35 /* Build configuration list for PBXNativeTarget "StackityUITests" */;
			buildPhases = (
				34AC75D51CBC61C2005B2E35 /* Sources */,
				34AC75D61CBC61C2005B2E35 /* Frameworks */,
				34AC75D71CBC61C2005B2E35 /* Resources */,
			);
			buildRules = (
			);
			dependencies = (
				34AC75DB1CBC61C2005B2E35 /* PBXTargetDependency */,
			);
			name = StackityUITests;
			productName = StackityUITests;
			productReference = 34AC75D91CBC61C2005B2E35 /* StackityUITests.xctest */;
			productType = "com.apple.product-type.bundle.ui-testing";
		};
/* End PBXNativeTarget section */

/* Begin PBXProject section */
		34AC75B21CBC61C2005B2E35 /* Project object */ = {
			isa = PBXProject;
			attributes = {
				LastSwiftUpdateCheck = 0730;
				LastUpgradeCheck = 0730;
				ORGANIZATIONNAME = "Lottadot LLC";
				TargetAttributes = {
					34AC75B91CBC61C2005B2E35 = {
						CreatedOnToolsVersion = 7.3;
					};
					34AC75CD1CBC61C2005B2E35 = {
						CreatedOnToolsVersion = 7.3;
						TestTargetID = 34AC75B91CBC61C2005B2E35;
					};
					34AC75D81CBC61C2005B2E35 = {
						CreatedOnToolsVersion = 7.3;
						TestTargetID = 34AC75B91CBC61C2005B2E35;
					};
				};
			};
			buildConfigurationList = 34AC75B51CBC61C2005B2E35 /* Build configuration list for PBXProject "Stackity" */;
			compatibilityVersion = "Xcode 3.2";
			developmentRegion = English;
			hasScannedForEncodings = 0;
			knownRegions = (
				en,
				Base,
			);
			mainGroup = 34AC75B11CBC61C2005B2E35;
			productRefGroup = 34AC75BB1CBC61C2005B2E35 /* Products */;
			projectDirPath = "";
			projectRoot = "";
			targets = (
				34AC75B91CBC61C2005B2E35 /* Stackity */,
				34AC75CD1CBC61C2005B2E35 /* StackityTests */,
				34AC75D81CBC61C2005B2E35 /* StackityUITests */,
			);
		};
/* End PBXProject section */

/* Begin PBXResourcesBuildPhase section */
		34AC75B81CBC61C2005B2E35 /* Resources */ = {
			isa = PBXResourcesBuildPhase;
			buildActionMask = 2147483647;
			files = (
				34AC75C81CBC61C2005B2E35 /* LaunchScreen.storyboard in Resources */,
				34AC75C51CBC61C2005B2E35 /* Assets.xcassets in Resources */,
				34AC75C31CBC61C2005B2E35 /* Main.storyboard in Resources */,
			);
			runOnlyForDeploymentPostprocessing = 0;
		};
		34AC75CC1CBC61C2005B2E35 /* Resources */ = {
			isa = PBXResourcesBuildPhase;
			buildActionMask = 2147483647;
			files = (
			);
			runOnlyForDeploymentPostprocessing = 0;
		};
		34AC75D71CBC61C2005B2E35 /* Resources */ = {
			isa = PBXResourcesBuildPhase;
			buildActionMask = 2147483647;
			files = (
			);
			runOnlyForDeploymentPostprocessing = 0;
		};
/* End PBXResourcesBuildPhase section */

/* Begin PBXSourcesBuildPhase section */
		34AC75B61CBC61C2005B2E35 /* Sources */ = {
			isa = PBXSourcesBuildPhase;
			buildActionMask = 2147483647;
			files = (
				34AC75C01CBC61C2005B2E35 /* ViewController.swift in Sources */,
				34AC75BE1CBC61C2005B2E35 /* AppDelegate.swift in Sources */,
			);
			runOnlyForDeploymentPostprocessing = 0;
		};
		34AC75CA1CBC61C2005B2E35 /* Sources */ = {
			isa = PBXSourcesBuildPhase;
			buildActionMask = 2147483647;
			files = (
				34AC75D31CBC61C2005B2E35 /* StackityTests.swift in Sources */,
			);
			runOnlyForDeploymentPostprocessing = 0;
		};
		34AC75D51CBC61C2005B2E35 /* Sources */ = {
			isa = PBXSourcesBuildPhase;
			buildActionMask = 2147483647;
			files = (
				34AC75DE1CBC61C2005B2E35 /* StackityUITests.swift in Sources */,
			);
			runOnlyForDeploymentPostprocessing = 0;
		};
/* End PBXSourcesBuildPhase section */

/* Begin PBXTargetDependency section */
		34AC75D01CBC61C2005B2E35 /* PBXTargetDependency */ = {
			isa = PBXTargetDependency;
			target = 34AC75B91CBC61C2005B2E35 /* Stackity */;
			targetProxy = 34AC75CF1CBC61C2005B2E35 /* PBXContainerItemProxy */;
		};
		34AC75DB1CBC61C2005B2E35 /* PBXTargetDependency */ = {
			isa = PBXTargetDependency;
			target = 34AC75B91CBC61C2005B2E35 /* Stackity */;
			targetProxy = 34AC75DA1CBC61C2005B2E35 /* PBXContainerItemProxy */;
		};
/* End PBXTargetDependency section */

/* Begin PBXVariantGroup section */
		34AC75C11CBC61C2005B2E35 /* Main.storyboard */ = {
			isa = PBXVariantGroup;
			children = (
				34AC75C21CBC61C2005B2E35 /* Base */,
			);
			name = Main.storyboard;
			sourceTree = "<group>";
		};
		34AC75C61CBC61C2005B2E35 /* LaunchScreen.storyboard */ = {
			isa = PBXVariantGroup;
			children = (
				34AC75C71CBC61C2005B2E35 /* Base */,
			);
			name = LaunchScreen.storyboard;
			sourceTree = "<group>";
		};
/* End PBXVariantGroup section */

/* Begin XCBuildConfiguration section */
		34AC75E01CBC61C2005B2E35 /* Debug */ = {
			isa = XCBuildConfiguration;
			buildSettings = {
				ALWAYS_SEARCH_USER_PATHS = NO;
				CLANG_ANALYZER_NONNULL = YES;
				CLANG_CXX_LANGUAGE_STANDARD = "gnu++0x";
				CLANG_CXX_LIBRARY = "libc++";
				CLANG_ENABLE_MODULES = YES;
				CLANG_ENABLE_OBJC_ARC = YES;
				CLANG_WARN_BOOL_CONVERSION = YES;
				CLANG_WARN_CONSTANT_CONVERSION = YES;
				CLANG_WARN_DIRECT_OBJC_ISA_USAGE = YES_ERROR;
				CLANG_WARN_EMPTY_BODY = YES;
				CLANG_WARN_ENUM_CONVERSION = YES;
				CLANG_WARN_INT_CONVERSION = YES;
				CLANG_WARN_OBJC_ROOT_CLASS = YES_ERROR;
				CLANG_WARN_UNREACHABLE_CODE = YES;
				CLANG_WARN__DUPLICATE_METHOD_MATCH = YES;
				"CODE_SIGN_IDENTITY[sdk=iphoneos*]" = "iPhone Developer";
				COPY_PHASE_STRIP = NO;
				DEBUG_INFORMATION_FORMAT = dwarf;
				ENABLE_STRICT_OBJC_MSGSEND = YES;
				ENABLE_TESTABILITY = YES;
				GCC_C_LANGUAGE_STANDARD = gnu99;
				GCC_DYNAMIC_NO_PIC = NO;
				GCC_NO_COMMON_BLOCKS = YES;
				GCC_OPTIMIZATION_LEVEL = 0;
				GCC_PREPROCESSOR_DEFINITIONS = (
					"DEBUG=1",
					"$(inherited)",
				);
				GCC_WARN_64_TO_32_BIT_CONVERSION = YES;
				GCC_WARN_ABOUT_RETURN_TYPE = YES_ERROR;
				GCC_WARN_UNDECLARED_SELECTOR = YES;
				GCC_WARN_UNINITIALIZED_AUTOS = YES_AGGRESSIVE;
				GCC_WARN_UNUSED_FUNCTION = YES;
				GCC_WARN_UNUSED_VARIABLE = YES;
				IPHONEOS_DEPLOYMENT_TARGET = 9.3;
				MTL_ENABLE_DEBUG_INFO = YES;
				ONLY_ACTIVE_ARCH = YES;
				SDKROOT = iphoneos;
				SWIFT_OPTIMIZATION_LEVEL = "-Onone";
			};
			name = Debug;
		};
		34AC75E11CBC61C2005B2E35 /* Release */ = {
			isa = XCBuildConfiguration;
			buildSettings = {
				ALWAYS_SEARCH_USER_PATHS = NO;
				CLANG_ANALYZER_NONNULL = YES;
				CLANG_CXX_LANGUAGE_STANDARD = "gnu++0x";
				CLANG_CXX_LIBRARY = "libc++";
				CLANG_ENABLE_MODULES = YES;
				CLANG_ENABLE_OBJC_ARC = YES;
				CLANG_WARN_BOOL_CONVERSION = YES;
				CLANG_WARN_CONSTANT_CONVERSION = YES;
				CLANG_WARN_DIRECT_OBJC_ISA_USAGE = YES_ERROR;
				CLANG_WARN_EMPTY_BODY = YES;
				CLANG_WARN_ENUM_CONVERSION = YES;
				CLANG_WARN_INT_CONVERSION = YES;
				CLANG_WARN_OBJC_ROOT_CLASS = YES_ERROR;
				CLANG_WARN_UNREACHABLE_CODE = YES;
				CLANG_WARN__DUPLICATE_METHOD_MATCH = YES;
				"CODE_SIGN_IDENTITY[sdk=iphoneos*]" = "iPhone Developer";
				COPY_PHASE_STRIP = NO;
				DEBUG_INFORMATION_FORMAT = "dwarf-with-dsym";
				ENABLE_NS_ASSERTIONS = NO;
				ENABLE_STRICT_OBJC_MSGSEND = YES;
				GCC_C_LANGUAGE_STANDARD = gnu99;
				GCC_NO_COMMON_BLOCKS = YES;
				GCC_WARN_64_TO_32_BIT_CONVERSION = YES;
				GCC_WARN_ABOUT_RETURN_TYPE = YES_ERROR;
				GCC_WARN_UNDECLARED_SELECTOR = YES;
				GCC_WARN_UNINITIALIZED_AUTOS = YES_AGGRESSIVE;
				GCC_WARN_UNUSED_FUNCTION = YES;
				GCC_WARN_UNUSED_VARIABLE = YES;
				IPHONEOS_DEPLOYMENT_TARGET = 9.3;
				MTL_ENABLE_DEBUG_INFO = NO;
				SDKROOT = iphoneos;
				VALIDATE_PRODUCT = YES;
			};
			name = Release;
		};
		34AC75E31CBC61C2005B2E35 /* Debug */ = {
			isa = XCBuildConfiguration;
			buildSettings = {
				ASSETCATALOG_COMPILER_APPICON_NAME = AppIcon;
				INFOPLIST_FILE = Stackity/Info.plist;
				LD_RUNPATH_SEARCH_PATHS = "$(inherited) @executable_path/Frameworks";
				PRODUCT_BUNDLE_IDENTIFIER = com.lottadot.Stackity;
				PRODUCT_NAME = "$(TARGET_NAME)";
			};
			name = Debug;
		};
		34AC75E41CBC61C2005B2E35 /* Release */ = {
			isa = XCBuildConfiguration;
			buildSettings = {
				ASSETCATALOG_COMPILER_APPICON_NAME = AppIcon;
				INFOPLIST_FILE = Stackity/Info.plist;
				LD_RUNPATH_SEARCH_PATHS = "$(inherited) @executable_path/Frameworks";
				PRODUCT_BUNDLE_IDENTIFIER = com.lottadot.Stackity;
				PRODUCT_NAME = "$(TARGET_NAME)";
			};
			name = Release;
		};
		34AC75E61CBC61C2005B2E35 /* Debug */ = {
			isa = XCBuildConfiguration;
			buildSettings = {
				BUNDLE_LOADER = "$(TEST_HOST)";
				INFOPLIST_FILE = StackityTests/Info.plist;
				LD_RUNPATH_SEARCH_PATHS = "$(inherited) @executable_path/Frameworks @loader_path/Frameworks";
				PRODUCT_BUNDLE_IDENTIFIER = com.lottadot.StackityTests;
				PRODUCT_NAME = "$(TARGET_NAME)";
				TEST_HOST = "$(BUILT_PRODUCTS_DIR)/Stackity.app/Stackity";
			};
			name = Debug;
		};
		34AC75E71CBC61C2005B2E35 /* Release */ = {
			isa = XCBuildConfiguration;
			buildSettings = {
				BUNDLE_LOADER = "$(TEST_HOST)";
				INFOPLIST_FILE = StackityTests/Info.plist;
				LD_RUNPATH_SEARCH_PATHS = "$(inherited) @executable_path/Frameworks @loader_path/Frameworks";
				PRODUCT_BUNDLE_IDENTIFIER = com.lottadot.StackityTests;
				PRODUCT_NAME = "$(TARGET_NAME)";
				TEST_HOST = "$(BUILT_PRODUCTS_DIR)/Stackity.app/Stackity";
			};
			name = Release;
		};
		34AC75E91CBC61C2005B2E35 /* Debug */ = {
			isa = XCBuildConfiguration;
			buildSettings = {
				INFOPLIST_FILE = StackityUITests/Info.plist;
				LD_RUNPATH_SEARCH_PATHS = "$(inherited) @executable_path/Frameworks @loader_path/Frameworks";
				PRODUCT_BUNDLE_IDENTIFIER = com.lottadot.StackityUITests;
				PRODUCT_NAME = "$(TARGET_NAME)";
				TEST_TARGET_NAME = Stackity;
			};
			name = Debug;
		};
		34AC75EA1CBC61C2005B2E35 /* Release */ = {
			isa = XCBuildConfiguration;
			buildSettings = {
				INFOPLIST_FILE = StackityUITests/Info.plist;
				LD_RUNPATH_SEARCH_PATHS = "$(inherited) @executable_path/Frameworks @loader_path/Frameworks";
				PRODUCT_BUNDLE_IDENTIFIER = com.lottadot.StackityUITests;
				PRODUCT_NAME = "$(TARGET_NAME)";
				TEST_TARGET_NAME = Stackity;
			};
			name = Release;
		};
/* End XCBuildConfiguration section */

/* Begin XCConfigurationList section */
		34AC75B51CBC61C2005B2E35 /* Build configuration list for PBXProject "Stackity" */ = {
			isa = XCConfigurationList;
			buildConfigurations = (
				34AC75E01CBC61C2005B2E35 /* Debug */,
				34AC75E11CBC61C2005B2E35 /* Release */,
			);
			defaultConfigurationIsVisible = 0;
			defaultConfigurationName = Release;
		};
		34AC75E21CBC61C2005B2E35 /* Build configuration list for PBXNativeTarget "Stackity" */ = {
			isa = XCConfigurationList;
			buildConfigurations = (
				34AC75E31CBC61C2005B2E35 /* Debug */,
				34AC75E41CBC61C2005B2E35 /* Release */,
			);
			defaultConfigurationIsVisible = 0;
		};
		34AC75E51CBC61C2005B2E35 /* Build configuration list for PBXNativeTarget "StackityTests" */ = {
			isa = XCConfigurationList;
			buildConfigurations = (
				34AC75E61CBC61C2005B2E35 /* Debug */,
				34AC75E71CBC61C2005B2E35 /* Release */,
			);
			defaultConfigurationIsVisible = 0;
		};
		34AC75E81CBC61C2005B2E35 /* Build configuration list for PBXNativeTarget "StackityUITests" */ = {
			isa = XCConfigurationList;
			buildConfigurations = (
				34AC75E91CBC61C2005B2E35 /* Debug */,
				34AC75EA1CBC61C2005B2E35 /* Release */,
			);
			defaultConfigurationIsVisible = 0;
		};
/* End XCConfigurationList section */
	};
	rootObject = 34AC75B21CBC61C2005B2E35 /* Project object */;
}
